
Microsoft Visual Studio Solution File, Format Version 12.00
# Visual Studio 2013
VisualStudioVersion = 12.0.21005.1
MinimumVisualStudioVersion = 10.0.40219.1
Project("{FAE04EC0-301F-11D3-BF4B-00C04F79EFBC}") = "Library", "Library\Library.csproj", "{1D0F4E6A-6787-4CF0-A29B-388FB63F34F6}"
EndProject
Project("{FAE04EC0-301F-11D3-BF4B-00C04F79EFBC}") = "LibraryTests", "LibraryTests\LibraryTests.csproj", "{58D81309-FC14-4CEA-A3E2-7B687BB31BAB}"
EndProject
Global
	GlobalSection(SolutionConfigurationPlatforms) = preSolution
		Debug|Any CPU = Debug|Any CPU
		Release|Any CPU = Release|Any CPU
	EndGlobalSection
	GlobalSection(ProjectConfigurationPlatforms) = postSolution
		{1D0F4E6A-6787-4CF0-A29B-388FB63F34F6}.Debug|Any CPU.ActiveCfg = Debug|Any CPU
		{1D0F4E6A-6787-4CF0-A29B-388FB63F34F6}.Debug|Any CPU.Build.0 = Debug|Any CPU
		{1D0F4E6A-6787-4CF0-A29B-388FB63F34F6}.Release|Any CPU.ActiveCfg = Release|Any CPU
		{1D0F4E6A-6787-4CF0-A29B-388FB63F34F6}.Release|Any CPU.Build.0 = Release|Any CPU
		{58D81309-FC14-4CEA-A3E2-7B687BB31BAB}.Debug|Any CPU.ActiveCfg = Debug|Any CPU
		{58D81309-FC14-4CEA-A3E2-7B687BB31BAB}.Debug|Any CPU.Build.0 = Debug|Any CPU
		{58D81309-FC14-4CEA-A3E2-7B687BB31BAB}.Release|Any CPU.ActiveCfg = Release|Any CPU
		{58D81309-FC14-4CEA-A3E2-7B687BB31BAB}.Release|Any CPU.Build.0 = Release|Any CPU
	EndGlobalSection
	GlobalSection(SolutionProperties) = preSolution
		HideSolutionNode = FALSE
	EndGlobalSection
EndGlobal
